
Microsoft Visual Studio Solution File, Format Version 12.00
# Visual Studio Version 17
VisualStudioVersion = 17.2.32526.322
MinimumVisualStudioVersion = 10.0.40219.1
Project("{FAE04EC0-301F-11D3-BF4B-00C04F79EFBC}") = "AutomaticOrderingApp", "AutomaticOrderingApp\AutomaticOrderingApp.csproj", "{5FBA6035-A752-4A95-B28A-1186FF0091FA}"
EndProject
Global
	GlobalSection(SolutionConfigurationPlatforms) = preSolution
		Debug|Any CPU = Debug|Any CPU
		Release|Any CPU = Release|Any CPU
	EndGlobalSection
	GlobalSection(ProjectConfigurationPlatforms) = postSolution
		{5FBA6035-A752-4A95-B28A-1186FF0091FA}.Debug|Any CPU.ActiveCfg = Debug|Any CPU
		{5FBA6035-A752-4A95-B28A-1186FF0091FA}.Debug|Any CPU.Build.0 = Debug|Any CPU
		{5FBA6035-A752-4A95-B28A-1186FF0091FA}.Release|Any CPU.ActiveCfg = Release|Any CPU
		{5FBA6035-A752-4A95-B28A-1186FF0091FA}.Release|Any CPU.Build.0 = Release|Any CPU
	EndGlobalSection
	GlobalSection(SolutionProperties) = preSolution
		HideSolutionNode = FALSE
	EndGlobalSection
	GlobalSection(ExtensibilityGlobals) = postSolution
		SolutionGuid = {346B5117-77C7-4B74-9315-FDB6FBB3E454}
	EndGlobalSection
EndGlobal
